
Microsoft Visual Studio Solution File, Format Version 12.00
# Visual Studio 15
VisualStudioVersion = 15.0.28307.329
MinimumVisualStudioVersion = 10.0.40219.1
Project("{9A19103F-16F7-4668-BE54-9A1E7A4F7556}") = "HeroSandbox", "HeroSandbox\HeroSandbox.csproj", "{131E5972-D3A4-4CA2-B737-7B21BB8CF1D1}"
EndProject
Project("{9A19103F-16F7-4668-BE54-9A1E7A4F7556}") = "HeroApi", "HeroApi\HeroApi.csproj", "{7D330740-8BD8-488F-A639-8CCBF4AD694B}"
EndProject
Project("{FAE04EC0-301F-11D3-BF4B-00C04F79EFBC}") = "DataAccess", "DataAccess\DataAccess.csproj", "{5623EBE7-E876-4CF4-8C2E-ECE480AA10A2}"
EndProject
Global
	GlobalSection(SolutionConfigurationPlatforms) = preSolution
		Debug|Any CPU = Debug|Any CPU
		Release|Any CPU = Release|Any CPU
	EndGlobalSection
	GlobalSection(ProjectConfigurationPlatforms) = postSolution
		{131E5972-D3A4-4CA2-B737-7B21BB8CF1D1}.Debug|Any CPU.ActiveCfg = Debug|Any CPU
		{131E5972-D3A4-4CA2-B737-7B21BB8CF1D1}.Debug|Any CPU.Build.0 = Debug|Any CPU
		{131E5972-D3A4-4CA2-B737-7B21BB8CF1D1}.Release|Any CPU.ActiveCfg = Release|Any CPU
		{131E5972-D3A4-4CA2-B737-7B21BB8CF1D1}.Release|Any CPU.Build.0 = Release|Any CPU
		{7D330740-8BD8-488F-A639-8CCBF4AD694B}.Debug|Any CPU.ActiveCfg = Debug|Any CPU
		{7D330740-8BD8-488F-A639-8CCBF4AD694B}.Debug|Any CPU.Build.0 = Debug|Any CPU
		{7D330740-8BD8-488F-A639-8CCBF4AD694B}.Release|Any CPU.ActiveCfg = Release|Any CPU
		{7D330740-8BD8-488F-A639-8CCBF4AD694B}.Release|Any CPU.Build.0 = Release|Any CPU
		{5623EBE7-E876-4CF4-8C2E-ECE480AA10A2}.Debug|Any CPU.ActiveCfg = Debug|Any CPU
		{5623EBE7-E876-4CF4-8C2E-ECE480AA10A2}.Debug|Any CPU.Build.0 = Debug|Any CPU
		{5623EBE7-E876-4CF4-8C2E-ECE480AA10A2}.Release|Any CPU.ActiveCfg = Release|Any CPU
		{5623EBE7-E876-4CF4-8C2E-ECE480AA10A2}.Release|Any CPU.Build.0 = Release|Any CPU
	EndGlobalSection
	GlobalSection(SolutionProperties) = preSolution
		HideSolutionNode = FALSE
	EndGlobalSection
	GlobalSection(ExtensibilityGlobals) = postSolution
		SolutionGuid = {4E25DA0B-99D3-440F-9D70-FB7581D3025B}
	EndGlobalSection
EndGlobal
